
Microsoft Visual Studio Solution File, Format Version 12.00
# Visual Studio Version 16
VisualStudioVersion = 16.0.30320.27
MinimumVisualStudioVersion = 10.0.40219.1
Project("{FAE04EC0-301F-11D3-BF4B-00C04F79EFBC}") = "Sergio.App", "src\Sergio.App\Sergio.App.csproj", "{B9ECA4FB-2BF6-4031-8FF4-5E8DBC1EEB97}"
EndProject
Project("{FAE04EC0-301F-11D3-BF4B-00C04F79EFBC}") = "Sergio.Business", "src\Sergio.Business\Sergio.Business.csproj", "{1ACF68D2-EE5E-4E44-8EEE-F91C2FE8AAD8}"
EndProject
Project("{FAE04EC0-301F-11D3-BF4B-00C04F79EFBC}") = "Sergio.Data", "src\Sergio.Data\Sergio.Data.csproj", "{4C607EBA-1B0F-4D9E-8D79-54FF70D4CE45}"
EndProject
Global
	GlobalSection(SolutionConfigurationPlatforms) = preSolution
		Debug|Any CPU = Debug|Any CPU
		Release|Any CPU = Release|Any CPU
	EndGlobalSection
	GlobalSection(ProjectConfigurationPlatforms) = postSolution
		{B9ECA4FB-2BF6-4031-8FF4-5E8DBC1EEB97}.Debug|Any CPU.ActiveCfg = Debug|Any CPU
		{B9ECA4FB-2BF6-4031-8FF4-5E8DBC1EEB97}.Debug|Any CPU.Build.0 = Debug|Any CPU
		{B9ECA4FB-2BF6-4031-8FF4-5E8DBC1EEB97}.Release|Any CPU.ActiveCfg = Release|Any CPU
		{B9ECA4FB-2BF6-4031-8FF4-5E8DBC1EEB97}.Release|Any CPU.Build.0 = Release|Any CPU
		{1ACF68D2-EE5E-4E44-8EEE-F91C2FE8AAD8}.Debug|Any CPU.ActiveCfg = Debug|Any CPU
		{1ACF68D2-EE5E-4E44-8EEE-F91C2FE8AAD8}.Debug|Any CPU.Build.0 = Debug|Any CPU
		{1ACF68D2-EE5E-4E44-8EEE-F91C2FE8AAD8}.Release|Any CPU.ActiveCfg = Release|Any CPU
		{1ACF68D2-EE5E-4E44-8EEE-F91C2FE8AAD8}.Release|Any CPU.Build.0 = Release|Any CPU
		{4C607EBA-1B0F-4D9E-8D79-54FF70D4CE45}.Debug|Any CPU.ActiveCfg = Debug|Any CPU
		{4C607EBA-1B0F-4D9E-8D79-54FF70D4CE45}.Debug|Any CPU.Build.0 = Debug|Any CPU
		{4C607EBA-1B0F-4D9E-8D79-54FF70D4CE45}.Release|Any CPU.ActiveCfg = Release|Any CPU
		{4C607EBA-1B0F-4D9E-8D79-54FF70D4CE45}.Release|Any CPU.Build.0 = Release|Any CPU
	EndGlobalSection
	GlobalSection(SolutionProperties) = preSolution
		HideSolutionNode = FALSE
	EndGlobalSection
	GlobalSection(ExtensibilityGlobals) = postSolution
		SolutionGuid = {CD611B9E-32C6-4D37-A560-3C67DF4FEC5E}
	EndGlobalSection
EndGlobal
